Microsoft Visual Studio Solution File, Format Version 12.00
# Visual Studio Version 17
VisualStudioVersion = 17.5.2.0
MinimumVisualStudioVersion = 10.0.40219.1
Project("{FAE04EC0-301F-11D3-BF4B-00C04F79EFBC}") = "Transactor", "Transactor.csproj", "{62221F66-382F-F93B-3FA7-4700C7907ABF}"
EndProject
Global
	GlobalSection(SolutionConfigurationPlatforms) = preSolution
		Debug|Any CPU = Debug|Any CPU
		Release|Any CPU = Release|Any CPU
	EndGlobalSection
	GlobalSection(ProjectConfigurationPlatforms) = postSolution
		{62221F66-382F-F93B-3FA7-4700C7907ABF}.Debug|Any CPU.ActiveCfg = Debug|Any CPU
		{62221F66-382F-F93B-3FA7-4700C7907ABF}.Debug|Any CPU.Build.0 = Debug|Any CPU
		{62221F66-382F-F93B-3FA7-4700C7907ABF}.Release|Any CPU.ActiveCfg = Release|Any CPU
		{62221F66-382F-F93B-3FA7-4700C7907ABF}.Release|Any CPU.Build.0 = Release|Any CPU
	EndGlobalSection
	GlobalSection(SolutionProperties) = preSolution
		HideSolutionNode = FALSE
	EndGlobalSection
	GlobalSection(ExtensibilityGlobals) = postSolution
		SolutionGuid = {BC675188-3495-4F4F-83DE-0BEFB62F2F8D}
	EndGlobalSection
EndGlobal
